
Microsoft Visual Studio Solution File, Format Version 12.00
# Visual Studio Version 16
VisualStudioVersion = 16.0.30517.126
MinimumVisualStudioVersion = 10.0.40219.1
Project("{FAE04EC0-301F-11D3-BF4B-00C04F79EFBC}") = "Funciones2", "Funciones2\Funciones2.csproj", "{EDBE9EAC-4A45-44F5-A5ED-C18466255B3E}"
EndProject
Global
	GlobalSection(SolutionConfigurationPlatforms) = preSolution
		Debug|Any CPU = Debug|Any CPU
		Release|Any CPU = Release|Any CPU
	EndGlobalSection
	GlobalSection(ProjectConfigurationPlatforms) = postSolution
		{EDBE9EAC-4A45-44F5-A5ED-C18466255B3E}.Debug|Any CPU.ActiveCfg = Debug|Any CPU
		{EDBE9EAC-4A45-44F5-A5ED-C18466255B3E}.Debug|Any CPU.Build.0 = Debug|Any CPU
		{EDBE9EAC-4A45-44F5-A5ED-C18466255B3E}.Release|Any CPU.ActiveCfg = Release|Any CPU
		{EDBE9EAC-4A45-44F5-A5ED-C18466255B3E}.Release|Any CPU.Build.0 = Release|Any CPU
	EndGlobalSection
	GlobalSection(SolutionProperties) = preSolution
		HideSolutionNode = FALSE
	EndGlobalSection
	GlobalSection(ExtensibilityGlobals) = postSolution
		SolutionGuid = {FB5FCA42-B9C8-406E-9BEB-C9BEE6718304}
	EndGlobalSection
EndGlobal
